// !$*UTF8*$!
{
	archiveVersion = 1;
	classes = {
	};
	objectVersion = 50;
	objects = {

/* Begin PBXBuildFile section */
		A2147D6F243FC41D0009C580 /* AppDelegate.m in Sources */ = {isa = PBXBuildFile; fileRef = A2147D6E243FC41D0009C580 /* AppDelegate.m */; };
		A2147D72243FC41D0009C580 /* SceneDelegate.m in Sources */ = {isa = PBXBuildFile; fileRef = A2147D71243FC41D0009C580 /* SceneDelegate.m */; };
		A2147D75243FC41D0009C580 /* ViewController.m in Sources */ = {isa = PBXBuildFile; fileRef = A2147D74243FC41D0009C580 /* ViewController.m */; };
		A2147D78243FC41D0009C580 /* Main.storyboard in Resources */ = {isa = PBXBuildFile; fileRef = A2147D76243FC41D0009C580 /* Main.storyboard */; };
		A2147D7A243FC41F0009C580 /* Assets.xcassets in Resources */ = {isa = PBXBuildFile; fileRef = A2147D79243FC41F0009C580 /* Assets.xcassets */; };
		A2147D7D243FC41F0009C580 /* LaunchScreen.storyboard in Resources */ = {isa = PBXBuildFile; fileRef = A2147D7B243FC41F0009C580 /* LaunchScreen.storyboard */; };
		A2147D80243FC41F0009C580 /* main.m in Sources */ = {isa = PBXBuildFile; fileRef = A2147D7F243FC41F0009C580 /* main.m */; };
		A2147D8A243FC41F0009C580 /* TestBenchmarksAppTests.m in Sources */ = {isa = PBXBuildFile; fileRef = A2147D89243FC41F0009C580 /* TestBenchmarksAppTests.m */; };
		A2147D95243FC41F0009C580 /* TestBenchmarksAppUITests.m in Sources */ = {isa = PBXBuildFile; fileRef = A2147D94243FC41F0009C580 /* TestBenchmarksAppUITests.m */; };
/* End PBXBuildFile section */

/* Begin PBXContainerItemProxy section */
		A2147D86243FC41F0009C580 /* PBXContainerItemProxy */ = {
			isa = PBXContainerItemProxy;
			containerPortal = A2147D62243FC41D0009C580 /* Project object */;
			proxyType = 1;
			remoteGlobalIDString = A2147D69243FC41D0009C580;
			remoteInfo = TestBenchmarksApp;
		};
		A2147D91243FC41F0009C580 /* PBXContainerItemProxy */ = {
			isa = PBXContainerItemProxy;
			containerPortal = A2147D62243FC41D0009C580 /* Project object */;
			proxyType = 1;
			remoteGlobalIDString = A2147D69243FC41D0009C580;
			remoteInfo = TestBenchmarksApp;
		};
/* End PBXContainerItemProxy section */

/* Begin PBXFileReference section */
		A2147D6A243FC41D0009C580 /* TestBenchmarksApp.app */ = {isa = PBXFileReference; explicitFileType = wrapper.application; includeInIndex = 0; path = TestBenchmarksApp.app; sourceTree = BUILT_PRODUCTS_DIR; };
		A2147D6D243FC41D0009C580 /* AppDelegate.h */ = {isa = PBXFileReference; lastKnownFileType = sourcecode.c.h; path = AppDelegate.h; sourceTree = "<group>"; };
		A2147D6E243FC41D0009C580 /* AppDelegate.m */ = {isa = PBXFileReference; lastKnownFileType = sourcecode.c.objc; path = AppDelegate.m; sourceTree = "<group>"; };
		A2147D70243FC41D0009C580 /* SceneDelegate.h */ = {isa = PBXFileReference; lastKnownFileType = sourcecode.c.h; path = SceneDelegate.h; sourceTree = "<group>"; };
		A2147D71243FC41D0009C580 /* SceneDelegate.m */ = {isa = PBXFileReference; lastKnownFileType = sourcecode.c.objc; path = SceneDelegate.m; sourceTree = "<group>"; };
		A2147D73243FC41D0009C580 /* ViewController.h */ = {isa = PBXFileReference; lastKnownFileType = sourcecode.c.h; path = ViewController.h; sourceTree = "<group>"; };
		A2147D74243FC41D0009C580 /* ViewController.m */ = {isa = PBXFileReference; lastKnownFileType = sourcecode.c.objc; path = ViewController.m; sourceTree = "<group>"; };
		A2147D77243FC41D0009C580 /* Base */ = {isa = PBXFileReference; lastKnownFileType = file.storyboard; name = Base; path = Base.lproj/Main.storyboard; sourceTree = "<group>"; };
		A2147D79243FC41F0009C580 /* Assets.xcassets */ = {isa = PBXFileReference; lastKnownFileType = folder.assetcatalog; path = Assets.xcassets; sourceTree = "<group>"; };
		A2147D7C243FC41F0009C580 /* Base */ = {isa = PBXFileReference; lastKnownFileType = file.storyboard; name = Base; path = Base.lproj/LaunchScreen.storyboard; sourceTree = "<group>"; };
		A2147D7E243FC41F0009C580 /* Info.plist */ = {isa = PBXFileReference; lastKnownFileType = text.plist.xml; path = Info.plist; sourceTree = "<group>"; };
		A2147D7F243FC41F0009C580 /* main.m */ = {isa = PBXFileReference; lastKnownFileType = sourcecode.c.objc; path = main.m; sourceTree = "<group>"; };
		A2147D85243FC41F0009C580 /* TestBenchmarksAppTests.xctest */ = {isa = PBXFileReference; explicitFileType = wrapper.cfbundle; includeInIndex = 0; path = TestBenchmarksAppTests.xctest; sourceTree = BUILT_PRODUCTS_DIR; };
		A2147D89243FC41F0009C580 /* TestBenchmarksAppTests.m */ = {isa = PBXFileReference; lastKnownFileType = sourcecode.c.objc; path = TestBenchmarksAppTests.m; sourceTree = "<group>"; };
		A2147D8B243FC41F0009C580 /* Info.plist */ = {isa = PBXFileReference; lastKnownFileType = text.plist.xml; path = Info.plist; sourceTree = "<group>"; };
		A2147D90243FC41F0009C580 /* TestBenchmarksAppUITests.xctest */ = {isa = PBXFileReference; explicitFileType = wrapper.cfbundle; includeInIndex = 0; path = TestBenchmarksAppUITests.xctest; sourceTree = BUILT_PRODUCTS_DIR; };
		A2147D94243FC41F0009C580 /* TestBenchmarksAppUITests.m */ = {isa = PBXFileReference; lastKnownFileType = sourcecode.c.objc; path = TestBenchmarksAppUITests.m; sourceTree = "<group>"; };
		A2147D96243FC41F0009C580 /* Info.plist */ = {isa = PBXFileReference; lastKnownFileType = text.plist.xml; path = Info.plist; sourceTree = "<group>"; };
/* End PBXFileReference section */

/* Begin PBXFrameworksBuildPhase section */
		A2147D67243FC41D0009C580 /* Frameworks */ = {
			isa = PBXFrameworksBuildPhase;
			buildActionMask = 2147483647;
			files = (
			);
			runOnlyForDeploymentPostprocessing = 0;
		};
		A2147D82243FC41F0009C580 /* Frameworks */ = {
			isa = PBXFrameworksBuildPhase;
			buildActionMask = 2147483647;
			files = (
			);
			runOnlyForDeploymentPostprocessing = 0;
		};
		A2147D8D243FC41F0009C580 /* Frameworks */ = {
			isa = PBXFrameworksBuildPhase;
			buildActionMask = 2147483647;
			files = (
			);
			runOnlyForDeploymentPostprocessing = 0;
		};
/* End PBXFrameworksBuildPhase section */

/* Begin PBXGroup section */
		A2147D61243FC41D0009C580 = {
			isa = PBXGroup;
			children = (
				A2147D6C243FC41D0009C580 /* TestBenchmarksApp */,
				A2147D88243FC41F0009C580 /* TestBenchmarksAppTests */,
				A2147D93243FC41F0009C580 /* TestBenchmarksAppUITests */,
				A2147D6B243FC41D0009C580 /* Products */,
			);
			sourceTree = "<group>";
		};
		A2147D6B243FC41D0009C580 /* Products */ = {
			isa = PBXGroup;
			children = (
				A2147D6A243FC41D0009C580 /* TestBenchmarksApp.app */,
				A2147D85243FC41F0009C580 /* TestBenchmarksAppTests.xctest */,
				A2147D90243FC41F0009C580 /* TestBenchmarksAppUITests.xctest */,
			);
			name = Products;
			sourceTree = "<group>";
		};
		A2147D6C243FC41D0009C580 /* TestBenchmarksApp */ = {
			isa = PBXGroup;
			children = (
				A2147D6D243FC41D0009C580 /* AppDelegate.h */,
				A2147D6E243FC41D0009C580 /* AppDelegate.m */,
				A2147D70243FC41D0009C580 /* SceneDelegate.h */,
				A2147D71243FC41D0009C580 /* SceneDelegate.m */,
				A2147D73243FC41D0009C580 /* ViewController.h */,
				A2147D74243FC41D0009C580 /* ViewController.m */,
				A2147D76243FC41D0009C580 /* Main.storyboard */,
				A2147D79243FC41F0009C580 /* Assets.xcassets */,
				A2147D7B243FC41F0009C580 /* LaunchScreen.storyboard */,
				A2147D7E243FC41F0009C580 /* Info.plist */,
				A2147D7F243FC41F0009C580 /* main.m */,
			);
			path = TestBenchmarksApp;
			sourceTree = "<group>";
		};
		A2147D88243FC41F0009C580 /* TestBenchmarksAppTests */ = {
			isa = PBXGroup;
			children = (
				A2147D89243FC41F0009C580 /* TestBenchmarksAppTests.m */,
				A2147D8B243FC41F0009C580 /* Info.plist */,
			);
			path = TestBenchmarksAppTests;
			sourceTree = "<group>";
		};
		A2147D93243FC41F0009C580 /* TestBenchmarksAppUITests */ = {
			isa = PBXGroup;
			children = (
				A2147D94243FC41F0009C580 /* TestBenchmarksAppUITests.m */,
				A2147D96243FC41F0009C580 /* Info.plist */,
			);
			path = TestBenchmarksAppUITests;
			sourceTree = "<group>";
		};
/* End PBXGroup section */

/* Begin PBXNativeTarget section */
		A2147D69243FC41D0009C580 /* TestBenchmarksApp */ = {
			isa = PBXNativeTarget;
			buildConfigurationList = A2147D99243FC41F0009C580 /* Build configuration list for PBXNativeTarget "TestBenchmarksApp" */;
			buildPhases = (
				A2147D66243FC41D0009C580 /* Sources */,
				A2147D67243FC41D0009C580 /* Frameworks */,
				A2147D68243FC41D0009C580 /* Resources */,
			);
			buildRules = (
			);
			dependencies = (
			);
			name = TestBenchmarksApp;
			productName = TestBenchmarksApp;
			productReference = A2147D6A243FC41D0009C580 /* TestBenchmarksApp.app */;
			productType = "com.apple.product-type.application";
		};
		A2147D84243FC41F0009C580 /* TestBenchmarksAppTests */ = {
			isa = PBXNativeTarget;
			buildConfigurationList = A2147D9C243FC41F0009C580 /* Build configuration list for PBXNativeTarget "TestBenchmarksAppTests" */;
			buildPhases = (
				A2147D81243FC41F0009C580 /* Sources */,
				A2147D82243FC41F0009C580 /* Frameworks */,
				A2147D83243FC41F0009C580 /* Resources */,
			);
			buildRules = (
			);
			dependencies = (
				A2147D87243FC41F0009C580 /* PBXTargetDependency */,
			);
			name = TestBenchmarksAppTests;
			productName = TestBenchmarksAppTests;
			productReference = A2147D85243FC41F0009C580 /* TestBenchmarksAppTests.xctest */;
			productType = "com.apple.product-type.bundle.unit-test";
		};
		A2147D8F243FC41F0009C580 /* TestBenchmarksAppUITests */ = {
			isa = PBXNativeTarget;
			buildConfigurationList = A2147D9F243FC41F0009C580 /* Build configuration list for PBXNativeTarget "TestBenchmarksAppUITests" */;
			buildPhases = (
				A2147D8C243FC41F0009C580 /* Sources */,
				A2147D8D243FC41F0009C580 /* Frameworks */,
				A2147D8E243FC41F0009C580 /* Resources */,
			);
			buildRules = (
			);
			dependencies = (
				A2147D92243FC41F0009C580 /* PBXTargetDependency */,
			);
			name = TestBenchmarksAppUITests;
			productName = TestBenchmarksAppUITests;
			productReference = A2147D90243FC41F0009C580 /* TestBenchmarksAppUITests.xctest */;
			productType = "com.apple.product-type.bundle.ui-testing";
		};
/* End PBXNativeTarget section */

/* Begin PBXProject section */
		A2147D62243FC41D0009C580 /* Project object */ = {
			isa = PBXProject;
			attributes = {
				LastUpgradeCheck = 1130;
				ORGANIZATIONNAME = "Kaushik Iska";
				TargetAttributes = {
					A2147D69243FC41D0009C580 = {
						CreatedOnToolsVersion = 11.3.1;
					};
					A2147D84243FC41F0009C580 = {
						CreatedOnToolsVersion = 11.3.1;
						TestTargetID = A2147D69243FC41D0009C580;
					};
					A2147D8F243FC41F0009C580 = {
						CreatedOnToolsVersion = 11.3.1;
						TestTargetID = A2147D69243FC41D0009C580;
					};
				};
			};
			buildConfigurationList = A2147D65243FC41D0009C580 /* Build configuration list for PBXProject "TestBenchmarksApp" */;
			compatibilityVersion = "Xcode 9.3";
			developmentRegion = en;
			hasScannedForEncodings = 0;
			knownRegions = (
				en,
				Base,
			);
			mainGroup = A2147D61243FC41D0009C580;
			productRefGroup = A2147D6B243FC41D0009C580 /* Products */;
			projectDirPath = "";
			projectRoot = "";
			targets = (
				A2147D69243FC41D0009C580 /* TestBenchmarksApp */,
				A2147D84243FC41F0009C580 /* TestBenchmarksAppTests */,
				A2147D8F243FC41F0009C580 /* TestBenchmarksAppUITests */,
			);
		};
/* End PBXProject section */

/* Begin PBXResourcesBuildPhase section */
		A2147D68243FC41D0009C580 /* Resources */ = {
			isa = PBXResourcesBuildPhase;
			buildActionMask = 2147483647;
			files = (
				A2147D7D243FC41F0009C580 /* LaunchScreen.storyboard in Resources */,
				A2147D7A243FC41F0009C580 /* Assets.xcassets in Resources */,
				A2147D78243FC41D0009C580 /* Main.storyboard in Resources */,
			);
			runOnlyForDeploymentPostprocessing = 0;
		};
		A2147D83243FC41F0009C580 /* Resources */ = {
			isa = PBXResourcesBuildPhase;
			buildActionMask = 2147483647;
			files = (
			);
			runOnlyForDeploymentPostprocessing = 0;
		};
		A2147D8E243FC41F0009C580 /* Resources */ = {
			isa = PBXResourcesBuildPhase;
			buildActionMask = 2147483647;
			files = (
			);
			runOnlyForDeploymentPostprocessing = 0;
		};
/* End PBXResourcesBuildPhase section */

/* Begin PBXSourcesBuildPhase section */
		A2147D66243FC41D0009C580 /* Sources */ = {
			isa = PBXSourcesBuildPhase;
			buildActionMask = 2147483647;
			files = (
				A2147D75243FC41D0009C580 /* ViewController.m in Sources */,
				A2147D6F243FC41D0009C580 /* AppDelegate.m in Sources */,
				A2147D80243FC41F0009C580 /* main.m in Sources */,
				A2147D72243FC41D0009C580 /* SceneDelegate.m in Sources */,
			);
			runOnlyForDeploymentPostprocessing = 0;
		};
		A2147D81243FC41F0009C580 /* Sources */ = {
			isa = PBXSourcesBuildPhase;
			buildActionMask = 2147483647;
			files = (
				A2147D8A243FC41F0009C580 /* TestBenchmarksAppTests.m in Sources */,
			);
			runOnlyForDeploymentPostprocessing = 0;
		};
		A2147D8C243FC41F0009C580 /* Sources */ = {
			isa = PBXSourcesBuildPhase;
			buildActionMask = 2147483647;
			files = (
				A2147D95243FC41F0009C580 /* TestBenchmarksAppUITests.m in Sources */,
			);
			runOnlyForDeploymentPostprocessing = 0;
		};
/* End PBXSourcesBuildPhase section */

/* Begin PBXTargetDependency section */
		A2147D87243FC41F0009C580 /* PBXTargetDependency */ = {
			isa = PBXTargetDependency;
			target = A2147D69243FC41D0009C580 /* TestBenchmarksApp */;
			targetProxy = A2147D86243FC41F0009C580 /* PBXContainerItemProxy */;
		};
		A2147D92243FC41F0009C580 /* PBXTargetDependency */ = {
			isa = PBXTargetDependency;
			target = A2147D69243FC41D0009C580 /* TestBenchmarksApp */;
			targetProxy = A2147D91243FC41F0009C580 /* PBXContainerItemProxy */;
		};
/* End PBXTargetDependency section */

/* Begin PBXVariantGroup section */
		A2147D76243FC41D0009C580 /* Main.storyboard */ = {
			isa = PBXVariantGroup;
			children = (
				A2147D77243FC41D0009C580 /* Base */,
			);
			name = Main.storyboard;
			sourceTree = "<group>";
		};
		A2147D7B243FC41F0009C580 /* LaunchScreen.storyboard */ = {
			isa = PBXVariantGroup;
			children = (
				A2147D7C243FC41F0009C580 /* Base */,
			);
			name = LaunchScreen.storyboard;
			sourceTree = "<group>";
		};
/* End PBXVariantGroup section */

/* Begin XCBuildConfiguration section */
		A2147D97243FC41F0009C580 /* Debug */ = {
			isa = XCBuildConfiguration;
			buildSettings = {
				ALWAYS_SEARCH_USER_PATHS = NO;
				CLANG_ANALYZER_NONNULL = YES;
				CLANG_ANALYZER_NUMBER_OBJECT_CONVERSION = YES_AGGRESSIVE;
				CLANG_CXX_LANGUAGE_STANDARD = "gnu++14";
				CLANG_CXX_LIBRARY = "libc++";
				CLANG_ENABLE_MODULES = YES;
				CLANG_ENABLE_OBJC_ARC = YES;
				CLANG_ENABLE_OBJC_WEAK = YES;
				CLANG_WARN_BLOCK_CAPTURE_AUTORELEASING = YES;
				CLANG_WARN_BOOL_CONVERSION = YES;
				CLANG_WARN_COMMA = YES;
				CLANG_WARN_CONSTANT_CONVERSION = YES;
				CLANG_WARN_DEPRECATED_OBJC_IMPLEMENTATIONS = YES;
				CLANG_WARN_DIRECT_OBJC_ISA_USAGE = YES_ERROR;
				CLANG_WARN_DOCUMENTATION_COMMENTS = YES;
				CLANG_WARN_EMPTY_BODY = YES;
				CLANG_WARN_ENUM_CONVERSION = YES;
				CLANG_WARN_INFINITE_RECURSION = YES;
				CLANG_WARN_INT_CONVERSION = YES;
				CLANG_WARN_NON_LITERAL_NULL_CONVERSION = YES;
				CLANG_WARN_OBJC_IMPLICIT_RETAIN_SELF = YES;
				CLANG_WARN_OBJC_LITERAL_CONVERSION = YES;
				CLANG_WARN_OBJC_ROOT_CLASS = YES_ERROR;
				CLANG_WARN_RANGE_LOOP_ANALYSIS = YES;
				CLANG_WARN_STRICT_PROTOTYPES = YES;
				CLANG_WARN_SUSPICIOUS_MOVE = YES;
				CLANG_WARN_UNGUARDED_AVAILABILITY = YES_AGGRESSIVE;
				CLANG_WARN_UNREACHABLE_CODE = YES;
				CLANG_WARN__DUPLICATE_METHOD_MATCH = YES;
				COPY_PHASE_STRIP = NO;
				DEBUG_INFORMATION_FORMAT = dwarf;
				ENABLE_STRICT_OBJC_MSGSEND = YES;
				ENABLE_TESTABILITY = YES;
				GCC_C_LANGUAGE_STANDARD = gnu11;
				GCC_DYNAMIC_NO_PIC = NO;
				GCC_NO_COMMON_BLOCKS = YES;
				GCC_OPTIMIZATION_LEVEL = 0;
				GCC_PREPROCESSOR_DEFINITIONS = (
					"DEBUG=1",
					"$(inherited)",
				);
				GCC_WARN_64_TO_32_BIT_CONVERSION = YES;
				GCC_WARN_ABOUT_RETURN_TYPE = YES_ERROR;
				GCC_WARN_UNDECLARED_SELECTOR = YES;
				GCC_WARN_UNINITIALIZED_AUTOS = YES_AGGRESSIVE;
				GCC_WARN_UNUSED_FUNCTION = YES;
				GCC_WARN_UNUSED_VARIABLE = YES;
				IPHONEOS_DEPLOYMENT_TARGET = 13.2;
				MTL_ENABLE_DEBUG_INFO = INCLUDE_SOURCE;
				MTL_FAST_MATH = YES;
				ONLY_ACTIVE_ARCH = YES;
				SDKROOT = iphoneos;
			};
			name = Debug;
		};
		A2147D98243FC41F0009C580 /* Release */ = {
			isa = XCBuildConfiguration;
			buildSettings = {
				ALWAYS_SEARCH_USER_PATHS = NO;
				CLANG_ANALYZER_NONNULL = YES;
				CLANG_ANALYZER_NUMBER_OBJECT_CONVERSION = YES_AGGRESSIVE;
				CLANG_CXX_LANGUAGE_STANDARD = "gnu++14";
				CLANG_CXX_LIBRARY = "libc++";
				CLANG_ENABLE_MODULES = YES;
				CLANG_ENABLE_OBJC_ARC = YES;
				CLANG_ENABLE_OBJC_WEAK = YES;
				CLANG_WARN_BLOCK_CAPTURE_AUTORELEASING = YES;
				CLANG_WARN_BOOL_CONVERSION = YES;
				CLANG_WARN_COMMA = YES;
				CLANG_WARN_CONSTANT_CONVERSION = YES;
				CLANG_WARN_DEPRECATED_OBJC_IMPLEMENTATIONS = YES;
				CLANG_WARN_DIRECT_OBJC_ISA_USAGE = YES_ERROR;
				CLANG_WARN_DOCUMENTATION_COMMENTS = YES;
				CLANG_WARN_EMPTY_BODY = YES;
				CLANG_WARN_ENUM_CONVERSION = YES;
				CLANG_WARN_INFINITE_RECURSION = YES;
				CLANG_WARN_INT_CONVERSION = YES;
				CLANG_WARN_NON_LITERAL_NULL_CONVERSION = YES;
				CLANG_WARN_OBJC_IMPLICIT_RETAIN_SELF = YES;
				CLANG_WARN_OBJC_LITERAL_CONVERSION = YES;
				CLANG_WARN_OBJC_ROOT_CLASS = YES_ERROR;
				CLANG_WARN_RANGE_LOOP_ANALYSIS = YES;
				CLANG_WARN_STRICT_PROTOTYPES = YES;
				CLANG_WARN_SUSPICIOUS_MOVE = YES;
				CLANG_WARN_UNGUARDED_AVAILABILITY = YES_AGGRESSIVE;
				CLANG_WARN_UNREACHABLE_CODE = YES;
				CLANG_WARN__DUPLICATE_METHOD_MATCH = YES;
				COPY_PHASE_STRIP = NO;
				DEBUG_INFORMATION_FORMAT = "dwarf-with-dsym";
				ENABLE_NS_ASSERTIONS = NO;
				ENABLE_STRICT_OBJC_MSGSEND = YES;
				GCC_C_LANGUAGE_STANDARD = gnu11;
				GCC_NO_COMMON_BLOCKS = YES;
				GCC_WARN_64_TO_32_BIT_CONVERSION = YES;
				GCC_WARN_ABOUT_RETURN_TYPE = YES_ERROR;
				GCC_WARN_UNDECLARED_SELECTOR = YES;
				GCC_WARN_UNINITIALIZED_AUTOS = YES_AGGRESSIVE;
				GCC_WARN_UNUSED_FUNCTION = YES;
				GCC_WARN_UNUSED_VARIABLE = YES;
				IPHONEOS_DEPLOYMENT_TARGET = 13.2;
				MTL_ENABLE_DEBUG_INFO = NO;
				MTL_FAST_MATH = YES;
				SDKROOT = iphoneos;
				VALIDATE_PRODUCT = YES;
			};
			name = Release;
		};
		A2147D9A243FC41F0009C580 /* Debug */ = {
			isa = XCBuildConfiguration;
			buildSettings = {
				ASSETCATALOG_COMPILER_APPICON_NAME = AppIcon;
				CODE_SIGN_STYLE = Automatic;
				DEVELOPMENT_TEAM = HQDP6CEMX5;
				INFOPLIST_FILE = TestBenchmarksApp/Info.plist;
				LD_RUNPATH_SEARCH_PATHS = (
					"$(inherited)",
					"@executable_path/Frameworks",
				);
				PRODUCT_BUNDLE_IDENTIFIER = iska.is.TestBenchmarksApp;
				PRODUCT_NAME = "$(TARGET_NAME)";
				TARGETED_DEVICE_FAMILY = "1,2";
			};
			name = Debug;
		};
		A2147D9B243FC41F0009C580 /* Release */ = {
			isa = XCBuildConfiguration;
			buildSettings = {
				ASSETCATALOG_COMPILER_APPICON_NAME = AppIcon;
				CODE_SIGN_STYLE = Automatic;
				DEVELOPMENT_TEAM = HQDP6CEMX5;
				INFOPLIST_FILE = TestBenchmarksApp/Info.plist;
				LD_RUNPATH_SEARCH_PATHS = (
					"$(inherited)",
					"@executable_path/Frameworks",
				);
				PRODUCT_BUNDLE_IDENTIFIER = iska.is.TestBenchmarksApp;
				PRODUCT_NAME = "$(TARGET_NAME)";
				TARGETED_DEVICE_FAMILY = "1,2";
			};
			name = Release;
		};
		A2147D9D243FC41F0009C580 /* Debug */ = {
			isa = XCBuildConfiguration;
			buildSettings = {
				BUNDLE_LOADER = "$(TEST_HOST)";
				CODE_SIGN_STYLE = Automatic;
				DEVELOPMENT_TEAM = HQDP6CEMX5;
				INFOPLIST_FILE = TestBenchmarksAppTests/Info.plist;
				IPHONEOS_DEPLOYMENT_TARGET = 13.2;
				LD_RUNPATH_SEARCH_PATHS = (
					"$(inherited)",
					"@executable_path/Frameworks",
					"@loader_path/Frameworks",
				);
				PRODUCT_BUNDLE_IDENTIFIER = iska.is.TestBenchmarksAppTests;
				PRODUCT_NAME = "$(TARGET_NAME)";
				TARGETED_DEVICE_FAMILY = "1,2";
				TEST_HOST = "$(BUILT_PRODUCTS_DIR)/TestBenchmarksApp.app/TestBenchmarksApp";
			};
			name = Debug;
		};
		A2147D9E243FC41F0009C580 /* Release */ = {
			isa = XCBuildConfiguration;
			buildSettings = {
				BUNDLE_LOADER = "$(TEST_HOST)";
				CODE_SIGN_STYLE = Automatic;
				DEVELOPMENT_TEAM = HQDP6CEMX5;
				INFOPLIST_FILE = TestBenchmarksAppTests/Info.plist;
				IPHONEOS_DEPLOYMENT_TARGET = 13.2;
				LD_RUNPATH_SEARCH_PATHS = (
					"$(inherited)",
					"@executable_path/Frameworks",
					"@loader_path/Frameworks",
				);
				PRODUCT_BUNDLE_IDENTIFIER = iska.is.TestBenchmarksAppTests;
				PRODUCT_NAME = "$(TARGET_NAME)";
				TARGETED_DEVICE_FAMILY = "1,2";
				TEST_HOST = "$(BUILT_PRODUCTS_DIR)/TestBenchmarksApp.app/TestBenchmarksApp";
			};
			name = Release;
		};
		A2147DA0243FC41F0009C580 /* Debug */ = {
			isa = XCBuildConfiguration;
			buildSettings = {
				CODE_SIGN_STYLE = Automatic;
				DEVELOPMENT_TEAM = HQDP6CEMX5;
				INFOPLIST_FILE = TestBenchmarksAppUITests/Info.plist;
				LD_RUNPATH_SEARCH_PATHS = (
					"$(inherited)",
					"@executable_path/Frameworks",
					"@loader_path/Frameworks",
				);
				PRODUCT_BUNDLE_IDENTIFIER = iska.is.TestBenchmarksAppUITests;
				PRODUCT_NAME = "$(TARGET_NAME)";
				TARGETED_DEVICE_FAMILY = "1,2";
				TEST_TARGET_NAME = TestBenchmarksApp;
			};
			name = Debug;
		};
		A2147DA1243FC41F0009C580 /* Release */ = {
			isa = XCBuildConfiguration;
			buildSettings = {
				CODE_SIGN_STYLE = Automatic;
				DEVELOPMENT_TEAM = HQDP6CEMX5;
				INFOPLIST_FILE = TestBenchmarksAppUITests/Info.plist;
				LD_RUNPATH_SEARCH_PATHS = (
					"$(inherited)",
					"@executable_path/Frameworks",
					"@loader_path/Frameworks",
				);
				PRODUCT_BUNDLE_IDENTIFIER = iska.is.TestBenchmarksAppUITests;
				PRODUCT_NAME = "$(TARGET_NAME)";
				TARGETED_DEVICE_FAMILY = "1,2";
				TEST_TARGET_NAME = TestBenchmarksApp;
			};
			name = Release;
		};
/* End XCBuildConfiguration section */

/* Begin XCConfigurationList section */
		A2147D65243FC41D0009C580 /* Build configuration list for PBXProject "TestBenchmarksApp" */ = {
			isa = XCConfigurationList;
			buildConfigurations = (
				A2147D97243FC41F0009C580 /* Debug */,
				A2147D98243FC41F0009C580 /* Release */,
			);
			defaultConfigurationIsVisible = 0;
			defaultConfigurationName = Release;
		};
		A2147D99243FC41F0009C580 /* Build configuration list for PBXNativeTarget "TestBenchmarksApp" */ = {
			isa = XCConfigurationList;
			buildConfigurations = (
				A2147D9A243FC41F0009C580 /* Debug */,
				A2147D9B243FC41F0009C580 /* Release */,
			);
			defaultConfigurationIsVisible = 0;
			defaultConfigurationName = Release;
		};
		A2147D9C243FC41F0009C580 /* Build configuration list for PBXNativeTarget "TestBenchmarksAppTests" */ = {
			isa = XCConfigurationList;
			buildConfigurations = (
				A2147D9D243FC41F0009C580 /* Debug */,
				A2147D9E243FC41F0009C580 /* Release */,
			);
			defaultConfigurationIsVisible = 0;
			defaultConfigurationName = Release;
		};
		A2147D9F243FC41F0009C580 /* Build configuration list for PBXNativeTarget "TestBenchmarksAppUITests" */ = {
			isa = XCConfigurationList;
			buildConfigurations = (
				A2147DA0243FC41F0009C580 /* Debug */,
				A2147DA1243FC41F0009C580 /* Release */,
			);
			defaultConfigurationIsVisible = 0;
			defaultConfigurationName = Release;
		};
/* End XCConfigurationList section */
	};
	rootObject = A2147D62243FC41D0009C580 /* Project object */;
}
